
Microsoft Visual Studio Solution File, Format Version 12.00
# Visual Studio Version 17
VisualStudioVersion = 17.8.34408.163
MinimumVisualStudioVersion = 10.0.40219.1
Project("{FAE04EC0-301F-11D3-BF4B-00C04F79EFBC}") = "MidExamSol", "MidExamSol\MidExamSol.csproj", "{478877EE-80FF-4A5A-853E-879BDD3EE62E}"
EndProject
Global
	GlobalSection(SolutionConfigurationPlatforms) = preSolution
		Debug|Any CPU = Debug|Any CPU
		Release|Any CPU = Release|Any CPU
	EndGlobalSection
	GlobalSection(ProjectConfigurationPlatforms) = postSolution
		{478877EE-80FF-4A5A-853E-879BDD3EE62E}.Debug|Any CPU.ActiveCfg = Debug|Any CPU
		{478877EE-80FF-4A5A-853E-879BDD3EE62E}.Debug|Any CPU.Build.0 = Debug|Any CPU
		{478877EE-80FF-4A5A-853E-879BDD3EE62E}.Release|Any CPU.ActiveCfg = Release|Any CPU
		{478877EE-80FF-4A5A-853E-879BDD3EE62E}.Release|Any CPU.Build.0 = Release|Any CPU
	EndGlobalSection
	GlobalSection(SolutionProperties) = preSolution
		HideSolutionNode = FALSE
	EndGlobalSection
	GlobalSection(ExtensibilityGlobals) = postSolution
		SolutionGuid = {569BB7E5-8DF7-4B54-B7B1-B1F22E2EDD0F}
	EndGlobalSection
EndGlobal
